
Microsoft Visual Studio Solution File, Format Version 12.00
# Visual Studio Version 17
VisualStudioVersion = 17.10.34707.107
MinimumVisualStudioVersion = 10.0.40219.1
Project("{9A19103F-16F7-4668-BE54-9A1E7A4F7556}") = "AspNetPro.Blog", "AspNetPro.Blog\AspNetPro.Blog.csproj", "{64DE9BD1-6840-4DF0-8E1E-0DBC0868754B}"
EndProject
Global
	GlobalSection(SolutionConfigurationPlatforms) = preSolution
		Debug|Any CPU = Debug|Any CPU
		Release|Any CPU = Release|Any CPU
	EndGlobalSection
	GlobalSection(ProjectConfigurationPlatforms) = postSolution
		{64DE9BD1-6840-4DF0-8E1E-0DBC0868754B}.Debug|Any CPU.ActiveCfg = Debug|Any CPU
		{64DE9BD1-6840-4DF0-8E1E-0DBC0868754B}.Debug|Any CPU.Build.0 = Debug|Any CPU
		{64DE9BD1-6840-4DF0-8E1E-0DBC0868754B}.Release|Any CPU.ActiveCfg = Release|Any CPU
		{64DE9BD1-6840-4DF0-8E1E-0DBC0868754B}.Release|Any CPU.Build.0 = Release|Any CPU
	EndGlobalSection
	GlobalSection(SolutionProperties) = preSolution
		HideSolutionNode = FALSE
	EndGlobalSection
	GlobalSection(ExtensibilityGlobals) = postSolution
		SolutionGuid = {B8E66C3A-FFB4-4035-9BBD-93497CFEFACC}
	EndGlobalSection
EndGlobal
